
Microsoft Visual Studio Solution File, Format Version 12.00
# Visual Studio Version 17
VisualStudioVersion = 17.14.37216.2
MinimumVisualStudioVersion = 10.0.40219.1
Project("{FAE04EC0-301F-11D3-BF4B-00C04F79EFBC}") = "GUI", "DesktopApp_Project\GUI.csproj", "{8B0EEA37-F040-40D3-9671-3757041ABF01}"
EndProject
Global
	GlobalSection(SolutionConfigurationPlatforms) = preSolution
		Debug|Any CPU = Debug|Any CPU
		Release|Any CPU = Release|Any CPU
	EndGlobalSection
	GlobalSection(ProjectConfigurationPlatforms) = postSolution
		{8B0EEA37-F040-40D3-9671-3757041ABF01}.Debug|Any CPU.ActiveCfg = Debug|Any CPU
		{8B0EEA37-F040-40D3-9671-3757041ABF01}.Debug|Any CPU.Build.0 = Debug|Any CPU
		{8B0EEA37-F040-40D3-9671-3757041ABF01}.Release|Any CPU.ActiveCfg = Release|Any CPU
		{8B0EEA37-F040-40D3-9671-3757041ABF01}.Release|Any CPU.Build.0 = Release|Any CPU
	EndGlobalSection
	GlobalSection(SolutionProperties) = preSolution
		HideSolutionNode = FALSE
	EndGlobalSection
	GlobalSection(ExtensibilityGlobals) = postSolution
		SolutionGuid = {AC840E06-F708-400C-B72F-299675DD9E6A}
	EndGlobalSection
EndGlobal
